// !$*UTF8*$!
{
	archiveVersion = 1;
	classes = {
	};
	objectVersion = 56;
	objects = {

/* Begin PBXBuildFile section */
		B10F253629F712D000061817 /* AppDelegate.swift in Sources */ = {isa = PBXBuildFile; fileRef = B10F253529F712D000061817 /* AppDelegate.swift */; };
		B10F253829F712D000061817 /* SceneDelegate.swift in Sources */ = {isa = PBXBuildFile; fileRef = B10F253729F712D000061817 /* SceneDelegate.swift */; };
		B10F253A29F712D000061817 /* ViewController.swift in Sources */ = {isa = PBXBuildFile; fileRef = B10F253929F712D000061817 /* ViewController.swift */; };
		B10F253D29F712D000061817 /* Main.storyboard in Resources */ = {isa = PBXBuildFile; fileRef = B10F253B29F712D000061817 /* Main.storyboard */; };
		B10F253F29F712D200061817 /* Assets.xcassets in Resources */ = {isa = PBXBuildFile; fileRef = B10F253E29F712D200061817 /* Assets.xcassets */; };
		B10F254229F712D200061817 /* LaunchScreen.storyboard in Resources */ = {isa = PBXBuildFile; fileRef = B10F254029F712D200061817 /* LaunchScreen.storyboard */; };
		B10F254D29F712D200061817 /* LearnGeniePrototypeTests.swift in Sources */ = {isa = PBXBuildFile; fileRef = B10F254C29F712D200061817 /* LearnGeniePrototypeTests.swift */; };
		B10F255729F712D200061817 /* LearnGeniePrototypeUITests.swift in Sources */ = {isa = PBXBuildFile; fileRef = B10F255629F712D200061817 /* LearnGeniePrototypeUITests.swift */; };
		B10F255929F712D200061817 /* LearnGeniePrototypeUITestsLaunchTests.swift in Sources */ = {isa = PBXBuildFile; fileRef = B10F255829F712D200061817 /* LearnGeniePrototypeUITestsLaunchTests.swift */; };
/* End PBXBuildFile section */

/* Begin PBXContainerItemProxy section */
		B10F254929F712D200061817 /* PBXContainerItemProxy */ = {
			isa = PBXContainerItemProxy;
			containerPortal = B10F252A29F712D000061817 /* Project object */;
			proxyType = 1;
			remoteGlobalIDString = B10F253129F712D000061817;
			remoteInfo = LearnGeniePrototype;
		};
		B10F255329F712D200061817 /* PBXContainerItemProxy */ = {
			isa = PBXContainerItemProxy;
			containerPortal = B10F252A29F712D000061817 /* Project object */;
			proxyType = 1;
			remoteGlobalIDString = B10F253129F712D000061817;
			remoteInfo = LearnGeniePrototype;
		};
/* End PBXContainerItemProxy section */

/* Begin PBXFileReference section */
		B10F253229F712D000061817 /* LearnGeniePrototype.app */ = {isa = PBXFileReference; explicitFileType = wrapper.application; includeInIndex = 0; path = LearnGeniePrototype.app; sourceTree = BUILT_PRODUCTS_DIR; };
		B10F253529F712D000061817 /* AppDelegate.swift */ = {isa = PBXFileReference; lastKnownFileType = sourcecode.swift; path = AppDelegate.swift; sourceTree = "<group>"; };
		B10F253729F712D000061817 /* SceneDelegate.swift */ = {isa = PBXFileReference; lastKnownFileType = sourcecode.swift; path = SceneDelegate.swift; sourceTree = "<group>"; };
		B10F253929F712D000061817 /* ViewController.swift */ = {isa = PBXFileReference; lastKnownFileType = sourcecode.swift; path = ViewController.swift; sourceTree = "<group>"; };
		B10F253C29F712D000061817 /* Base */ = {isa = PBXFileReference; lastKnownFileType = file.storyboard; name = Base; path = Base.lproj/Main.storyboard; sourceTree = "<group>"; };
		B10F253E29F712D200061817 /* Assets.xcassets */ = {isa = PBXFileReference; lastKnownFileType = folder.assetcatalog; path = Assets.xcassets; sourceTree = "<group>"; };
		B10F254129F712D200061817 /* Base */ = {isa = PBXFileReference; lastKnownFileType = file.storyboard; name = Base; path = Base.lproj/LaunchScreen.storyboard; sourceTree = "<group>"; };
		B10F254329F712D200061817 /* Info.plist */ = {isa = PBXFileReference; lastKnownFileType = text.plist.xml; path = Info.plist; sourceTree = "<group>"; };
		B10F254829F712D200061817 /* LearnGeniePrototypeTests.xctest */ = {isa = PBXFileReference; explicitFileType = wrapper.cfbundle; includeInIndex = 0; path = LearnGeniePrototypeTests.xctest; sourceTree = BUILT_PRODUCTS_DIR; };
		B10F254C29F712D200061817 /* LearnGeniePrototypeTests.swift */ = {isa = PBXFileReference; lastKnownFileType = sourcecode.swift; path = LearnGeniePrototypeTests.swift; sourceTree = "<group>"; };
		B10F255229F712D200061817 /* LearnGeniePrototypeUITests.xctest */ = {isa = PBXFileReference; explicitFileType = wrapper.cfbundle; includeInIndex = 0; path = LearnGeniePrototypeUITests.xctest; sourceTree = BUILT_PRODUCTS_DIR; };
		B10F255629F712D200061817 /* LearnGeniePrototypeUITests.swift */ = {isa = PBXFileReference; lastKnownFileType = sourcecode.swift; path = LearnGeniePrototypeUITests.swift; sourceTree = "<group>"; };
		B10F255829F712D200061817 /* LearnGeniePrototypeUITestsLaunchTests.swift */ = {isa = PBXFileReference; lastKnownFileType = sourcecode.swift; path = LearnGeniePrototypeUITestsLaunchTests.swift; sourceTree = "<group>"; };
/* End PBXFileReference section */

/* Begin PBXFrameworksBuildPhase section */
		B10F252F29F712D000061817 /* Frameworks */ = {
			isa = PBXFrameworksBuildPhase;
			buildActionMask = 2147483647;
			files = (
			);
			runOnlyForDeploymentPostprocessing = 0;
		};
		B10F254529F712D200061817 /* Frameworks */ = {
			isa = PBXFrameworksBuildPhase;
			buildActionMask = 2147483647;
			files = (
			);
			runOnlyForDeploymentPostprocessing = 0;
		};
		B10F254F29F712D200061817 /* Frameworks */ = {
			isa = PBXFrameworksBuildPhase;
			buildActionMask = 2147483647;
			files = (
			);
			runOnlyForDeploymentPostprocessing = 0;
		};
/* End PBXFrameworksBuildPhase section */

/* Begin PBXGroup section */
		B10F252929F712D000061817 = {
			isa = PBXGroup;
			children = (
				B10F253429F712D000061817 /* LearnGeniePrototype */,
				B10F254B29F712D200061817 /* LearnGeniePrototypeTests */,
				B10F255529F712D200061817 /* LearnGeniePrototypeUITests */,
				B10F253329F712D000061817 /* Products */,
			);
			sourceTree = "<group>";
		};
		B10F253329F712D000061817 /* Products */ = {
			isa = PBXGroup;
			children = (
				B10F253229F712D000061817 /* LearnGeniePrototype.app */,
				B10F254829F712D200061817 /* LearnGeniePrototypeTests.xctest */,
				B10F255229F712D200061817 /* LearnGeniePrototypeUITests.xctest */,
			);
			name = Products;
			sourceTree = "<group>";
		};
		B10F253429F712D000061817 /* LearnGeniePrototype */ = {
			isa = PBXGroup;
			children = (
				B10F253529F712D000061817 /* AppDelegate.swift */,
				B10F253729F712D000061817 /* SceneDelegate.swift */,
				B10F253929F712D000061817 /* ViewController.swift */,
				B10F253B29F712D000061817 /* Main.storyboard */,
				B10F253E29F712D200061817 /* Assets.xcassets */,
				B10F254029F712D200061817 /* LaunchScreen.storyboard */,
				B10F254329F712D200061817 /* Info.plist */,
			);
			path = LearnGeniePrototype;
			sourceTree = "<group>";
		};
		B10F254B29F712D200061817 /* LearnGeniePrototypeTests */ = {
			isa = PBXGroup;
			children = (
				B10F254C29F712D200061817 /* LearnGeniePrototypeTests.swift */,
			);
			path = LearnGeniePrototypeTests;
			sourceTree = "<group>";
		};
		B10F255529F712D200061817 /* LearnGeniePrototypeUITests */ = {
			isa = PBXGroup;
			children = (
				B10F255629F712D200061817 /* LearnGeniePrototypeUITests.swift */,
				B10F255829F712D200061817 /* LearnGeniePrototypeUITestsLaunchTests.swift */,
			);
			path = LearnGeniePrototypeUITests;
			sourceTree = "<group>";
		};
/* End PBXGroup section */

/* Begin PBXNativeTarget section */
		B10F253129F712D000061817 /* LearnGeniePrototype */ = {
			isa = PBXNativeTarget;
			buildConfigurationList = B10F255C29F712D200061817 /* Build configuration list for PBXNativeTarget "LearnGeniePrototype" */;
			buildPhases = (
				B10F252E29F712D000061817 /* Sources */,
				B10F252F29F712D000061817 /* Frameworks */,
				B10F253029F712D000061817 /* Resources */,
			);
			buildRules = (
			);
			dependencies = (
			);
			name = LearnGeniePrototype;
			productName = LearnGeniePrototype;
			productReference = B10F253229F712D000061817 /* LearnGeniePrototype.app */;
			productType = "com.apple.product-type.application";
		};
		B10F254729F712D200061817 /* LearnGeniePrototypeTests */ = {
			isa = PBXNativeTarget;
			buildConfigurationList = B10F255F29F712D200061817 /* Build configuration list for PBXNativeTarget "LearnGeniePrototypeTests" */;
			buildPhases = (
				B10F254429F712D200061817 /* Sources */,
				B10F254529F712D200061817 /* Frameworks */,
				B10F254629F712D200061817 /* Resources */,
			);
			buildRules = (
			);
			dependencies = (
				B10F254A29F712D200061817 /* PBXTargetDependency */,
			);
			name = LearnGeniePrototypeTests;
			productName = LearnGeniePrototypeTests;
			productReference = B10F254829F712D200061817 /* LearnGeniePrototypeTests.xctest */;
			productType = "com.apple.product-type.bundle.unit-test";
		};
		B10F255129F712D200061817 /* LearnGeniePrototypeUITests */ = {
			isa = PBXNativeTarget;
			buildConfigurationList = B10F256229F712D200061817 /* Build configuration list for PBXNativeTarget "LearnGeniePrototypeUITests" */;
			buildPhases = (
				B10F254E29F712D200061817 /* Sources */,
				B10F254F29F712D200061817 /* Frameworks */,
				B10F255029F712D200061817 /* Resources */,
			);
			buildRules = (
			);
			dependencies = (
				B10F255429F712D200061817 /* PBXTargetDependency */,
			);
			name = LearnGeniePrototypeUITests;
			productName = LearnGeniePrototypeUITests;
			productReference = B10F255229F712D200061817 /* LearnGeniePrototypeUITests.xctest */;
			productType = "com.apple.product-type.bundle.ui-testing";
		};
/* End PBXNativeTarget section */

/* Begin PBXProject section */
		B10F252A29F712D000061817 /* Project object */ = {
			isa = PBXProject;
			attributes = {
				BuildIndependentTargetsInParallel = 1;
				LastSwiftUpdateCheck = 1420;
				LastUpgradeCheck = 1420;
				TargetAttributes = {
					B10F253129F712D000061817 = {
						CreatedOnToolsVersion = 14.2;
					};
					B10F254729F712D200061817 = {
						CreatedOnToolsVersion = 14.2;
						TestTargetID = B10F253129F712D000061817;
					};
					B10F255129F712D200061817 = {
						CreatedOnToolsVersion = 14.2;
						TestTargetID = B10F253129F712D000061817;
					};
				};
			};
			buildConfigurationList = B10F252D29F712D000061817 /* Build configuration list for PBXProject "LearnGeniePrototype" */;
			compatibilityVersion = "Xcode 14.0";
			developmentRegion = en;
			hasScannedForEncodings = 0;
			knownRegions = (
				en,
				Base,
			);
			mainGroup = B10F252929F712D000061817;
			productRefGroup = B10F253329F712D000061817 /* Products */;
			projectDirPath = "";
			projectRoot = "";
			targets = (
				B10F253129F712D000061817 /* LearnGeniePrototype */,
				B10F254729F712D200061817 /* LearnGeniePrototypeTests */,
				B10F255129F712D200061817 /* LearnGeniePrototypeUITests */,
			);
		};
/* End PBXProject section */

/* Begin PBXResourcesBuildPhase section */
		B10F253029F712D000061817 /* Resources */ = {
			isa = PBXResourcesBuildPhase;
			buildActionMask = 2147483647;
			files = (
				B10F254229F712D200061817 /* LaunchScreen.storyboard in Resources */,
				B10F253F29F712D200061817 /* Assets.xcassets in Resources */,
				B10F253D29F712D000061817 /* Main.storyboard in Resources */,
			);
			runOnlyForDeploymentPostprocessing = 0;
		};
		B10F254629F712D200061817 /* Resources */ = {
			isa = PBXResourcesBuildPhase;
			buildActionMask = 2147483647;
			files = (
			);
			runOnlyForDeploymentPostprocessing = 0;
		};
		B10F255029F712D200061817 /* Resources */ = {
			isa = PBXResourcesBuildPhase;
			buildActionMask = 2147483647;
			files = (
			);
			runOnlyForDeploymentPostprocessing = 0;
		};
/* End PBXResourcesBuildPhase section */

/* Begin PBXSourcesBuildPhase section */
		B10F252E29F712D000061817 /* Sources */ = {
			isa = PBXSourcesBuildPhase;
			buildActionMask = 2147483647;
			files = (
				B10F253A29F712D000061817 /* ViewController.swift in Sources */,
				B10F253629F712D000061817 /* AppDelegate.swift in Sources */,
				B10F253829F712D000061817 /* SceneDelegate.swift in Sources */,
			);
			runOnlyForDeploymentPostprocessing = 0;
		};
		B10F254429F712D200061817 /* Sources */ = {
			isa = PBXSourcesBuildPhase;
			buildActionMask = 2147483647;
			files = (
				B10F254D29F712D200061817 /* LearnGeniePrototypeTests.swift in Sources */,
			);
			runOnlyForDeploymentPostprocessing = 0;
		};
		B10F254E29F712D200061817 /* Sources */ = {
			isa = PBXSourcesBuildPhase;
			buildActionMask = 2147483647;
			files = (
				B10F255729F712D200061817 /* LearnGeniePrototypeUITests.swift in Sources */,
				B10F255929F712D200061817 /* LearnGeniePrototypeUITestsLaunchTests.swift in Sources */,
			);
			runOnlyForDeploymentPostprocessing = 0;
		};
/* End PBXSourcesBuildPhase section */

/* Begin PBXTargetDependency section */
		B10F254A29F712D200061817 /* PBXTargetDependency */ = {
			isa = PBXTargetDependency;
			target = B10F253129F712D000061817 /* LearnGeniePrototype */;
			targetProxy = B10F254929F712D200061817 /* PBXContainerItemProxy */;
		};
		B10F255429F712D200061817 /* PBXTargetDependency */ = {
			isa = PBXTargetDependency;
			target = B10F253129F712D000061817 /* LearnGeniePrototype */;
			targetProxy = B10F255329F712D200061817 /* PBXContainerItemProxy */;
		};
/* End PBXTargetDependency section */

/* Begin PBXVariantGroup section */
		B10F253B29F712D000061817 /* Main.storyboard */ = {
			isa = PBXVariantGroup;
			children = (
				B10F253C29F712D000061817 /* Base */,
			);
			name = Main.storyboard;
			sourceTree = "<group>";
		};
		B10F254029F712D200061817 /* LaunchScreen.storyboard */ = {
			isa = PBXVariantGroup;
			children = (
				B10F254129F712D200061817 /* Base */,
			);
			name = LaunchScreen.storyboard;
			sourceTree = "<group>";
		};
/* End PBXVariantGroup section */

/* Begin XCBuildConfiguration section */
		B10F255A29F712D200061817 /* Debug */ = {
			isa = XCBuildConfiguration;
			buildSettings = {
				ALWAYS_SEARCH_USER_PATHS = NO;
				CLANG_ANALYZER_NONNULL = YES;
				CLANG_ANALYZER_NUMBER_OBJECT_CONVERSION = YES_AGGRESSIVE;
				CLANG_CXX_LANGUAGE_STANDARD = "gnu++20";
				CLANG_ENABLE_MODULES = YES;
				CLANG_ENABLE_OBJC_ARC = YES;
				CLANG_ENABLE_OBJC_WEAK = YES;
				CLANG_WARN_BLOCK_CAPTURE_AUTORELEASING = YES;
				CLANG_WARN_BOOL_CONVERSION = YES;
				CLANG_WARN_COMMA = YES;
				CLANG_WARN_CONSTANT_CONVERSION = YES;
				CLANG_WARN_DEPRECATED_OBJC_IMPLEMENTATIONS = YES;
				CLANG_WARN_DIRECT_OBJC_ISA_USAGE = YES_ERROR;
				CLANG_WARN_DOCUMENTATION_COMMENTS = YES;
				CLANG_WARN_EMPTY_BODY = YES;
				CLANG_WARN_ENUM_CONVERSION = YES;
				CLANG_WARN_INFINITE_RECURSION = YES;
				CLANG_WARN_INT_CONVERSION = YES;
				CLANG_WARN_NON_LITERAL_NULL_CONVERSION = YES;
				CLANG_WARN_OBJC_IMPLICIT_RETAIN_SELF = YES;
				CLANG_WARN_OBJC_LITERAL_CONVERSION = YES;
				CLANG_WARN_OBJC_ROOT_CLASS = YES_ERROR;
				CLANG_WARN_QUOTED_INCLUDE_IN_FRAMEWORK_HEADER = YES;
				CLANG_WARN_RANGE_LOOP_ANALYSIS = YES;
				CLANG_WARN_STRICT_PROTOTYPES = YES;
				CLANG_WARN_SUSPICIOUS_MOVE = YES;
				CLANG_WARN_UNGUARDED_AVAILABILITY = YES_AGGRESSIVE;
				CLANG_WARN_UNREACHABLE_CODE = YES;
				CLANG_WARN__DUPLICATE_METHOD_MATCH = YES;
				COPY_PHASE_STRIP = NO;
				DEBUG_INFORMATION_FORMAT = dwarf;
				ENABLE_STRICT_OBJC_MSGSEND = YES;
				ENABLE_TESTABILITY = YES;
				GCC_C_LANGUAGE_STANDARD = gnu11;
				GCC_DYNAMIC_NO_PIC = NO;
				GCC_NO_COMMON_BLOCKS = YES;
				GCC_OPTIMIZATION_LEVEL = 0;
				GCC_PREPROCESSOR_DEFINITIONS = (
					"DEBUG=1",
					"$(inherited)",
				);
				GCC_WARN_64_TO_32_BIT_CONVERSION = YES;
				GCC_WARN_ABOUT_RETURN_TYPE = YES_ERROR;
				GCC_WARN_UNDECLARED_SELECTOR = YES;
				GCC_WARN_UNINITIALIZED_AUTOS = YES_AGGRESSIVE;
				GCC_WARN_UNUSED_FUNCTION = YES;
				GCC_WARN_UNUSED_VARIABLE = YES;
				IPHONEOS_DEPLOYMENT_TARGET = 16.2;
				MTL_ENABLE_DEBUG_INFO = INCLUDE_SOURCE;
				MTL_FAST_MATH = YES;
				ONLY_ACTIVE_ARCH = YES;
				SDKROOT = iphoneos;
				SWIFT_ACTIVE_COMPILATION_CONDITIONS = DEBUG;
				SWIFT_OPTIMIZATION_LEVEL = "-Onone";
			};
			name = Debug;
		};
		B10F255B29F712D200061817 /* Release */ = {
			isa = XCBuildConfiguration;
			buildSettings = {
				ALWAYS_SEARCH_USER_PATHS = NO;
				CLANG_ANALYZER_NONNULL = YES;
				CLANG_ANALYZER_NUMBER_OBJECT_CONVERSION = YES_AGGRESSIVE;
				CLANG_CXX_LANGUAGE_STANDARD = "gnu++20";
				CLANG_ENABLE_MODULES = YES;
				CLANG_ENABLE_OBJC_ARC = YES;
				CLANG_ENABLE_OBJC_WEAK = YES;
				CLANG_WARN_BLOCK_CAPTURE_AUTORELEASING = YES;
				CLANG_WARN_BOOL_CONVERSION = YES;
				CLANG_WARN_COMMA = YES;
				CLANG_WARN_CONSTANT_CONVERSION = YES;
				CLANG_WARN_DEPRECATED_OBJC_IMPLEMENTATIONS = YES;
				CLANG_WARN_DIRECT_OBJC_ISA_USAGE = YES_ERROR;
				CLANG_WARN_DOCUMENTATION_COMMENTS = YES;
				CLANG_WARN_EMPTY_BODY = YES;
				CLANG_WARN_ENUM_CONVERSION = YES;
				CLANG_WARN_INFINITE_RECURSION = YES;
				CLANG_WARN_INT_CONVERSION = YES;
				CLANG_WARN_NON_LITERAL_NULL_CONVERSION = YES;
				CLANG_WARN_OBJC_IMPLICIT_RETAIN_SELF = YES;
				CLANG_WARN_OBJC_LITERAL_CONVERSION = YES;
				CLANG_WARN_OBJC_ROOT_CLASS = YES_ERROR;
				CLANG_WARN_QUOTED_INCLUDE_IN_FRAMEWORK_HEADER = YES;
				CLANG_WARN_RANGE_LOOP_ANALYSIS = YES;
				CLANG_WARN_STRICT_PROTOTYPES = YES;
				CLANG_WARN_SUSPICIOUS_MOVE = YES;
				CLANG_WARN_UNGUARDED_AVAILABILITY = YES_AGGRESSIVE;
				CLANG_WARN_UNREACHABLE_CODE = YES;
				CLANG_WARN__DUPLICATE_METHOD_MATCH = YES;
				COPY_PHASE_STRIP = NO;
				DEBUG_INFORMATION_FORMAT = "dwarf-with-dsym";
				ENABLE_NS_ASSERTIONS = NO;
				ENABLE_STRICT_OBJC_MSGSEND = YES;
				GCC_C_LANGUAGE_STANDARD = gnu11;
				GCC_NO_COMMON_BLOCKS = YES;
				GCC_WARN_64_TO_32_BIT_CONVERSION = YES;
				GCC_WARN_ABOUT_RETURN_TYPE = YES_ERROR;
				GCC_WARN_UNDECLARED_SELECTOR = YES;
				GCC_WARN_UNINITIALIZED_AUTOS = YES_AGGRESSIVE;
				GCC_WARN_UNUSED_FUNCTION = YES;
				GCC_WARN_UNUSED_VARIABLE = YES;
				IPHONEOS_DEPLOYMENT_TARGET = 16.2;
				MTL_ENABLE_DEBUG_INFO = NO;
				MTL_FAST_MATH = YES;
				SDKROOT = iphoneos;
				SWIFT_COMPILATION_MODE = wholemodule;
				SWIFT_OPTIMIZATION_LEVEL = "-O";
				VALIDATE_PRODUCT = YES;
			};
			name = Release;
		};
		B10F255D29F712D200061817 /* Debug */ = {
			isa = XCBuildConfiguration;
			buildSettings = {
				ASSETCATALOG_COMPILER_APPICON_NAME = AppIcon;
				ASSETCATALOG_COMPILER_GLOBAL_ACCENT_COLOR_NAME = AccentColor;
				CODE_SIGN_STYLE = Automatic;
				CURRENT_PROJECT_VERSION = 1;
				GENERATE_INFOPLIST_FILE = YES;
				INFOPLIST_FILE = LearnGeniePrototype/Info.plist;
				INFOPLIST_KEY_UIApplicationSupportsIndirectInputEvents = YES;
				INFOPLIST_KEY_UILaunchStoryboardName = LaunchScreen;
				INFOPLIST_KEY_UIMainStoryboardFile = Main;
				INFOPLIST_KEY_UISupportedInterfaceOrientations_iPad = "UIInterfaceOrientationPortrait UIInterfaceOrientationPortraitUpsideDown UIInterfaceOrientationLandscapeLeft UIInterfaceOrientationLandscapeRight";
				INFOPLIST_KEY_UISupportedInterfaceOrientations_iPhone = "UIInterfaceOrientationPortrait UIInterfaceOrientationLandscapeLeft UIInterfaceOrientationLandscapeRight";
				LD_RUNPATH_SEARCH_PATHS = (
					"$(inherited)",
					"@executable_path/Frameworks",
				);
				MARKETING_VERSION = 1.0;
				PRODUCT_BUNDLE_IDENTIFIER = "-.LearnGeniePrototype";
				PRODUCT_NAME = "$(TARGET_NAME)";
				SWIFT_EMIT_LOC_STRINGS = YES;
				SWIFT_VERSION = 5.0;
				TARGETED_DEVICE_FAMILY = "1,2";
			};
			name = Debug;
		};
		B10F255E29F712D200061817 /* Release */ = {
			isa = XCBuildConfiguration;
			buildSettings = {
				ASSETCATALOG_COMPILER_APPICON_NAME = AppIcon;
				ASSETCATALOG_COMPILER_GLOBAL_ACCENT_COLOR_NAME = AccentColor;
				CODE_SIGN_STYLE = Automatic;
				CURRENT_PROJECT_VERSION = 1;
				GENERATE_INFOPLIST_FILE = YES;
				INFOPLIST_FILE = LearnGeniePrototype/Info.plist;
				INFOPLIST_KEY_UIApplicationSupportsIndirectInputEvents = YES;
				INFOPLIST_KEY_UILaunchStoryboardName = LaunchScreen;
				INFOPLIST_KEY_UIMainStoryboardFile = Main;
				INFOPLIST_KEY_UISupportedInterfaceOrientations_iPad = "UIInterfaceOrientationPortrait UIInterfaceOrientationPortraitUpsideDown UIInterfaceOrientationLandscapeLeft UIInterfaceOrientationLandscapeRight";
				INFOPLIST_KEY_UISupportedInterfaceOrientations_iPhone = "UIInterfaceOrientationPortrait UIInterfaceOrientationLandscapeLeft UIInterfaceOrientationLandscapeRight";
				LD_RUNPATH_SEARCH_PATHS = (
					"$(inherited)",
					"@executable_path/Frameworks",
				);
				MARKETING_VERSION = 1.0;
				PRODUCT_BUNDLE_IDENTIFIER = "-.LearnGeniePrototype";
				PRODUCT_NAME = "$(TARGET_NAME)";
				SWIFT_EMIT_LOC_STRINGS = YES;
				SWIFT_VERSION = 5.0;
				TARGETED_DEVICE_FAMILY = "1,2";
			};
			name = Release;
		};
		B10F256029F712D200061817 /* Debug */ = {
			isa = XCBuildConfiguration;
			buildSettings = {
				ALWAYS_EMBED_SWIFT_STANDARD_LIBRARIES = YES;
				BUNDLE_LOADER = "$(TEST_HOST)";
				CODE_SIGN_STYLE = Automatic;
				CURRENT_PROJECT_VERSION = 1;
				GENERATE_INFOPLIST_FILE = YES;
				IPHONEOS_DEPLOYMENT_TARGET = 16.2;
				MARKETING_VERSION = 1.0;
				PRODUCT_BUNDLE_IDENTIFIER = "-.LearnGeniePrototypeTests";
				PRODUCT_NAME = "$(TARGET_NAME)";
				SWIFT_EMIT_LOC_STRINGS = NO;
				SWIFT_VERSION = 5.0;
				TARGETED_DEVICE_FAMILY = "1,2";
				TEST_HOST = "$(BUILT_PRODUCTS_DIR)/LearnGeniePrototype.app/$(BUNDLE_EXECUTABLE_FOLDER_PATH)/LearnGeniePrototype";
			};
			name = Debug;
		};
		B10F256129F712D200061817 /* Release */ = {
			isa = XCBuildConfiguration;
			buildSettings = {
				ALWAYS_EMBED_SWIFT_STANDARD_LIBRARIES = YES;
				BUNDLE_LOADER = "$(TEST_HOST)";
				CODE_SIGN_STYLE = Automatic;
				CURRENT_PROJECT_VERSION = 1;
				GENERATE_INFOPLIST_FILE = YES;
				IPHONEOS_DEPLOYMENT_TARGET = 16.2;
				MARKETING_VERSION = 1.0;
				PRODUCT_BUNDLE_IDENTIFIER = "-.LearnGeniePrototypeTests";
				PRODUCT_NAME = "$(TARGET_NAME)";
				SWIFT_EMIT_LOC_STRINGS = NO;
				SWIFT_VERSION = 5.0;
				TARGETED_DEVICE_FAMILY = "1,2";
				TEST_HOST = "$(BUILT_PRODUCTS_DIR)/LearnGeniePrototype.app/$(BUNDLE_EXECUTABLE_FOLDER_PATH)/LearnGeniePrototype";
			};
			name = Release;
		};
		B10F256329F712D200061817 /* Debug */ = {
			isa = XCBuildConfiguration;
			buildSettings = {
				ALWAYS_EMBED_SWIFT_STANDARD_LIBRARIES = YES;
				CODE_SIGN_STYLE = Automatic;
				CURRENT_PROJECT_VERSION = 1;
				GENERATE_INFOPLIST_FILE = YES;
				MARKETING_VERSION = 1.0;
				PRODUCT_BUNDLE_IDENTIFIER = "-.LearnGeniePrototypeUITests";
				PRODUCT_NAME = "$(TARGET_NAME)";
				SWIFT_EMIT_LOC_STRINGS = NO;
				SWIFT_VERSION = 5.0;
				TARGETED_DEVICE_FAMILY = "1,2";
				TEST_TARGET_NAME = LearnGeniePrototype;
			};
			name = Debug;
		};
		B10F256429F712D200061817 /* Release */ = {
			isa = XCBuildConfiguration;
			buildSettings = {
				ALWAYS_EMBED_SWIFT_STANDARD_LIBRARIES = YES;
				CODE_SIGN_STYLE = Automatic;
				CURRENT_PROJECT_VERSION = 1;
				GENERATE_INFOPLIST_FILE = YES;
				MARKETING_VERSION = 1.0;
				PRODUCT_BUNDLE_IDENTIFIER = "-.LearnGeniePrototypeUITests";
				PRODUCT_NAME = "$(TARGET_NAME)";
				SWIFT_EMIT_LOC_STRINGS = NO;
				SWIFT_VERSION = 5.0;
				TARGETED_DEVICE_FAMILY = "1,2";
				TEST_TARGET_NAME = LearnGeniePrototype;
			};
			name = Release;
		};
/* End XCBuildConfiguration section */

/* Begin XCConfigurationList section */
		B10F252D29F712D000061817 /* Build configuration list for PBXProject "LearnGeniePrototype" */ = {
			isa = XCConfigurationList;
			buildConfigurations = (
				B10F255A29F712D200061817 /* Debug */,
				B10F255B29F712D200061817 /* Release */,
			);
			defaultConfigurationIsVisible = 0;
			defaultConfigurationName = Release;
		};
		B10F255C29F712D200061817 /* Build configuration list for PBXNativeTarget "LearnGeniePrototype" */ = {
			isa = XCConfigurationList;
			buildConfigurations = (
				B10F255D29F712D200061817 /* Debug */,
				B10F255E29F712D200061817 /* Release */,
			);
			defaultConfigurationIsVisible = 0;
			defaultConfigurationName = Release;
		};
		B10F255F29F712D200061817 /* Build configuration list for PBXNativeTarget "LearnGeniePrototypeTests" */ = {
			isa = XCConfigurationList;
			buildConfigurations = (
				B10F256029F712D200061817 /* Debug */,
				B10F256129F712D200061817 /* Release */,
			);
			defaultConfigurationIsVisible = 0;
			defaultConfigurationName = Release;
		};
		B10F256229F712D200061817 /* Build configuration list for PBXNativeTarget "LearnGeniePrototypeUITests" */ = {
			isa = XCConfigurationList;
			buildConfigurations = (
				B10F256329F712D200061817 /* Debug */,
				B10F256429F712D200061817 /* Release */,
			);
			defaultConfigurationIsVisible = 0;
			defaultConfigurationName = Release;
		};
/* End XCConfigurationList section */
	};
	rootObject = B10F252A29F712D000061817 /* Project object */;
}
